// !$*UTF8*$!
{
	archiveVersion = 1;
	classes = {
	};
	objectVersion = 56;
	objects = {

/* Begin PBXBuildFile section */
		ABC621532AD83CE500ABD918 /* MatchViewModel.swift in Sources */ = {isa = PBXBuildFile; fileRef = ABC621522AD83CE500ABD918 /* MatchViewModel.swift */; };
		ABC621562AD846CC00ABD918 /* SDWebImageSVGCoder in Frameworks */ = {isa = PBXBuildFile; productRef = ABC621552AD846CC00ABD918 /* SDWebImageSVGCoder */; };
		ABC621592AD8590B00ABD918 /* RxDataSources in Frameworks */ = {isa = PBXBuildFile; productRef = ABC621582AD8590B00ABD918 /* RxDataSources */; };
		ABC6215C2AD879A700ABD918 /* FavouritesManager.swift in Sources */ = {isa = PBXBuildFile; fileRef = ABC6215B2AD879A700ABD918 /* FavouritesManager.swift */; };
		ABC6215F2AD87C0700ABD918 /* RealmSwift in Frameworks */ = {isa = PBXBuildFile; productRef = ABC6215E2AD87C0700ABD918 /* RealmSwift */; };
		ABC621612AD87F9B00ABD918 /* favouriteMatch.swift in Sources */ = {isa = PBXBuildFile; fileRef = ABC621602AD87F9B00ABD918 /* favouriteMatch.swift */; };
		ABC6216F2AD98FB300ABD918 /* UIViewController + Extenstion.swift in Sources */ = {isa = PBXBuildFile; fileRef = ABC6216E2AD98FB300ABD918 /* UIViewController + Extenstion.swift */; };
		ABC621712AD99D8E00ABD918 /* APIManagerMock.swift in Sources */ = {isa = PBXBuildFile; fileRef = ABC621702AD99D8D00ABD918 /* APIManagerMock.swift */; };
		ABC621732AD99E1D00ABD918 /* RxSwift in Frameworks */ = {isa = PBXBuildFile; productRef = ABC621722AD99E1D00ABD918 /* RxSwift */; };
		ABC621752AD99E5100ABD918 /* Alamofire in Frameworks */ = {isa = PBXBuildFile; productRef = ABC621742AD99E5100ABD918 /* Alamofire */; };
		ABC621772AD99E6E00ABD918 /* RxRelay in Frameworks */ = {isa = PBXBuildFile; productRef = ABC621762AD99E6E00ABD918 /* RxRelay */; };
		ABC621792AD99E7400ABD918 /* OptionallyDecodable in Frameworks */ = {isa = PBXBuildFile; productRef = ABC621782AD99E7400ABD918 /* OptionallyDecodable */; };
		ABC6217B2AD99E7800ABD918 /* SDWebImageSwiftUI in Frameworks */ = {isa = PBXBuildFile; productRef = ABC6217A2AD99E7800ABD918 /* SDWebImageSwiftUI */; };
		ABC6217D2AD99E7E00ABD918 /* RealmSwift in Frameworks */ = {isa = PBXBuildFile; productRef = ABC6217C2AD99E7E00ABD918 /* RealmSwift */; };
		ABC6217F2AD99E8500ABD918 /* RxDataSources in Frameworks */ = {isa = PBXBuildFile; productRef = ABC6217E2AD99E8500ABD918 /* RxDataSources */; };
		ABC621832AD99EE000ABD918 /* MatchViewModelTest.swift in Sources */ = {isa = PBXBuildFile; fileRef = ABC621822AD99EE000ABD918 /* MatchViewModelTest.swift */; };
		ABC621852AD9A42B00ABD918 /* RxBlocking in Frameworks */ = {isa = PBXBuildFile; productRef = ABC621842AD9A42B00ABD918 /* RxBlocking */; };
		ABC621872AD9A43200ABD918 /* RxCocoa in Frameworks */ = {isa = PBXBuildFile; productRef = ABC621862AD9A43200ABD918 /* RxCocoa */; };
		ABEFBD082AD82B3800AEBD88 /* AppDelegate.swift in Sources */ = {isa = PBXBuildFile; fileRef = ABEFBD072AD82B3800AEBD88 /* AppDelegate.swift */; };
		ABEFBD0A2AD82B3800AEBD88 /* SceneDelegate.swift in Sources */ = {isa = PBXBuildFile; fileRef = ABEFBD092AD82B3800AEBD88 /* SceneDelegate.swift */; };
		ABEFBD0C2AD82B3800AEBD88 /* HomeViewController.swift in Sources */ = {isa = PBXBuildFile; fileRef = ABEFBD0B2AD82B3800AEBD88 /* HomeViewController.swift */; };
		ABEFBD0F2AD82B3800AEBD88 /* Main.storyboard in Resources */ = {isa = PBXBuildFile; fileRef = ABEFBD0D2AD82B3800AEBD88 /* Main.storyboard */; };
		ABEFBD112AD82B3900AEBD88 /* Assets.xcassets in Resources */ = {isa = PBXBuildFile; fileRef = ABEFBD102AD82B3900AEBD88 /* Assets.xcassets */; };
		ABEFBD142AD82B3900AEBD88 /* LaunchScreen.storyboard in Resources */ = {isa = PBXBuildFile; fileRef = ABEFBD122AD82B3900AEBD88 /* LaunchScreen.storyboard */; };
		ABEFBD1F2AD82B3900AEBD88 /* Premier_League_Match_Grinta_iOS_TaskTests.swift in Sources */ = {isa = PBXBuildFile; fileRef = ABEFBD1E2AD82B3900AEBD88 /* Premier_League_Match_Grinta_iOS_TaskTests.swift */; };
		ABEFBD292AD82B3900AEBD88 /* Premier_League_Match_Grinta_iOS_TaskUITests.swift in Sources */ = {isa = PBXBuildFile; fileRef = ABEFBD282AD82B3900AEBD88 /* Premier_League_Match_Grinta_iOS_TaskUITests.swift */; };
		ABEFBD2B2AD82B3900AEBD88 /* Premier_League_Match_Grinta_iOS_TaskUITestsLaunchTests.swift in Sources */ = {isa = PBXBuildFile; fileRef = ABEFBD2A2AD82B3900AEBD88 /* Premier_League_Match_Grinta_iOS_TaskUITestsLaunchTests.swift */; };
		ABEFBD3C2AD82B7800AEBD88 /* OptionallyDecodable in Frameworks */ = {isa = PBXBuildFile; productRef = ABEFBD3B2AD82B7800AEBD88 /* OptionallyDecodable */; };
		ABEFBD3F2AD82B7F00AEBD88 /* Alamofire in Frameworks */ = {isa = PBXBuildFile; productRef = ABEFBD3E2AD82B7F00AEBD88 /* Alamofire */; };
		ABEFBD422AD82B8700AEBD88 /* SDWebImageSwiftUI in Frameworks */ = {isa = PBXBuildFile; productRef = ABEFBD412AD82B8700AEBD88 /* SDWebImageSwiftUI */; };
		ABEFBD462AD82B9E00AEBD88 /* RxCocoa in Frameworks */ = {isa = PBXBuildFile; productRef = ABEFBD452AD82B9E00AEBD88 /* RxCocoa */; };
		ABEFBD482AD82BA100AEBD88 /* RxRelay in Frameworks */ = {isa = PBXBuildFile; productRef = ABEFBD472AD82BA100AEBD88 /* RxRelay */; };
		ABEFBD4A2AD82BA600AEBD88 /* RxSwift in Frameworks */ = {isa = PBXBuildFile; productRef = ABEFBD492AD82BA600AEBD88 /* RxSwift */; };
		ABEFBD4C2AD82BAB00AEBD88 /* RxBlocking in Frameworks */ = {isa = PBXBuildFile; productRef = ABEFBD4B2AD82BAB00AEBD88 /* RxBlocking */; };
		ABEFBD4E2AD82BB100AEBD88 /* RxTest-Dynamic in Frameworks */ = {isa = PBXBuildFile; productRef = ABEFBD4D2AD82BB100AEBD88 /* RxTest-Dynamic */; };
		ABEFBD4F2AD82BB100AEBD88 /* RxTest-Dynamic in Embed Frameworks */ = {isa = PBXBuildFile; productRef = ABEFBD4D2AD82BB100AEBD88 /* RxTest-Dynamic */; settings = {ATTRIBUTES = (CodeSignOnCopy, ); }; };
		ABEFBD532AD82C0D00AEBD88 /* Matches.swift in Sources */ = {isa = PBXBuildFile; fileRef = ABEFBD522AD82C0D00AEBD88 /* Matches.swift */; };
		ABEFBD562AD82C6F00AEBD88 /* APIManager.swift in Sources */ = {isa = PBXBuildFile; fileRef = ABEFBD552AD82C6F00AEBD88 /* APIManager.swift */; };
		ABEFBD592AD82C9200AEBD88 /* Constants.swift in Sources */ = {isa = PBXBuildFile; fileRef = ABEFBD582AD82C9200AEBD88 /* Constants.swift */; };
		ABEFBD5B2AD82D4500AEBD88 /* SecurityConstants.swift in Sources */ = {isa = PBXBuildFile; fileRef = ABEFBD5A2AD82D4500AEBD88 /* SecurityConstants.swift */; };
		ABEFBD5F2AD8301E00AEBD88 /* MatchTableViewCell.swift in Sources */ = {isa = PBXBuildFile; fileRef = ABEFBD5D2AD8301E00AEBD88 /* MatchTableViewCell.swift */; };
		ABEFBD602AD8301E00AEBD88 /* MatchTableViewCell.xib in Resources */ = {isa = PBXBuildFile; fileRef = ABEFBD5E2AD8301E00AEBD88 /* MatchTableViewCell.xib */; };
		ABEFBD622AD8328C00AEBD88 /* Poppins-SemiBold.ttf in Resources */ = {isa = PBXBuildFile; fileRef = ABEFBD612AD8328C00AEBD88 /* Poppins-SemiBold.ttf */; };
		ABEFBD652AD835B200AEBD88 /* RadioButton.swift in Sources */ = {isa = PBXBuildFile; fileRef = ABEFBD642AD835B200AEBD88 /* RadioButton.swift */; };
/* End PBXBuildFile section */

/* Begin PBXContainerItemProxy section */
		ABEFBD1B2AD82B3900AEBD88 /* PBXContainerItemProxy */ = {
			isa = PBXContainerItemProxy;
			containerPortal = ABEFBCFC2AD82B3800AEBD88 /* Project object */;
			proxyType = 1;
			remoteGlobalIDString = ABEFBD032AD82B3800AEBD88;
			remoteInfo = "Premier-League-Match-Grinta-iOS-Task";
		};
		ABEFBD252AD82B3900AEBD88 /* PBXContainerItemProxy */ = {
			isa = PBXContainerItemProxy;
			containerPortal = ABEFBCFC2AD82B3800AEBD88 /* Project object */;
			proxyType = 1;
			remoteGlobalIDString = ABEFBD032AD82B3800AEBD88;
			remoteInfo = "Premier-League-Match-Grinta-iOS-Task";
		};
/* End PBXContainerItemProxy section */

/* Begin PBXCopyFilesBuildPhase section */
		ABEFBD502AD82BB200AEBD88 /* Embed Frameworks */ = {
			isa = PBXCopyFilesBuildPhase;
			buildActionMask = 2147483647;
			dstPath = "";
			dstSubfolderSpec = 10;
			files = (
				ABEFBD4F2AD82BB100AEBD88 /* RxTest-Dynamic in Embed Frameworks */,
			);
			name = "Embed Frameworks";
			runOnlyForDeploymentPostprocessing = 0;
		};
/* End PBXCopyFilesBuildPhase section */

/* Begin PBXFileReference section */
		ABC621522AD83CE500ABD918 /* MatchViewModel.swift */ = {isa = PBXFileReference; lastKnownFileType = sourcecode.swift; path = MatchViewModel.swift; sourceTree = "<group>"; };
		ABC6215B2AD879A700ABD918 /* FavouritesManager.swift */ = {isa = PBXFileReference; lastKnownFileType = sourcecode.swift; path = FavouritesManager.swift; sourceTree = "<group>"; };
		ABC621602AD87F9B00ABD918 /* favouriteMatch.swift */ = {isa = PBXFileReference; lastKnownFileType = sourcecode.swift; path = favouriteMatch.swift; sourceTree = "<group>"; };
		ABC6216E2AD98FB300ABD918 /* UIViewController + Extenstion.swift */ = {isa = PBXFileReference; lastKnownFileType = sourcecode.swift; path = "UIViewController + Extenstion.swift"; sourceTree = "<group>"; };
		ABC621702AD99D8D00ABD918 /* APIManagerMock.swift */ = {isa = PBXFileReference; lastKnownFileType = sourcecode.swift; path = APIManagerMock.swift; sourceTree = "<group>"; };
		ABC621822AD99EE000ABD918 /* MatchViewModelTest.swift */ = {isa = PBXFileReference; lastKnownFileType = sourcecode.swift; path = MatchViewModelTest.swift; sourceTree = "<group>"; };
		ABEFBD042AD82B3800AEBD88 /* Premier-League-Match-Grinta-iOS-Task.app */ = {isa = PBXFileReference; explicitFileType = wrapper.application; includeInIndex = 0; path = "Premier-League-Match-Grinta-iOS-Task.app"; sourceTree = BUILT_PRODUCTS_DIR; };
		ABEFBD072AD82B3800AEBD88 /* AppDelegate.swift */ = {isa = PBXFileReference; lastKnownFileType = sourcecode.swift; path = AppDelegate.swift; sourceTree = "<group>"; };
		ABEFBD092AD82B3800AEBD88 /* SceneDelegate.swift */ = {isa = PBXFileReference; lastKnownFileType = sourcecode.swift; path = SceneDelegate.swift; sourceTree = "<group>"; };
		ABEFBD0B2AD82B3800AEBD88 /* HomeViewController.swift */ = {isa = PBXFileReference; lastKnownFileType = sourcecode.swift; path = HomeViewController.swift; sourceTree = "<group>"; };
		ABEFBD0E2AD82B3800AEBD88 /* Base */ = {isa = PBXFileReference; lastKnownFileType = file.storyboard; name = Base; path = Base.lproj/Main.storyboard; sourceTree = "<group>"; };
		ABEFBD102AD82B3900AEBD88 /* Assets.xcassets */ = {isa = PBXFileReference; lastKnownFileType = folder.assetcatalog; path = Assets.xcassets; sourceTree = "<group>"; };
		ABEFBD132AD82B3900AEBD88 /* Base */ = {isa = PBXFileReference; lastKnownFileType = file.storyboard; name = Base; path = Base.lproj/LaunchScreen.storyboard; sourceTree = "<group>"; };
		ABEFBD152AD82B3900AEBD88 /* Info.plist */ = {isa = PBXFileReference; lastKnownFileType = text.plist.xml; path = Info.plist; sourceTree = "<group>"; };
		ABEFBD1A2AD82B3900AEBD88 /* Premier-League-Match-Grinta-iOS-TaskTests.xctest */ = {isa = PBXFileReference; explicitFileType = wrapper.cfbundle; includeInIndex = 0; path = "Premier-League-Match-Grinta-iOS-TaskTests.xctest"; sourceTree = BUILT_PRODUCTS_DIR; };
		ABEFBD1E2AD82B3900AEBD88 /* Premier_League_Match_Grinta_iOS_TaskTests.swift */ = {isa = PBXFileReference; lastKnownFileType = sourcecode.swift; path = Premier_League_Match_Grinta_iOS_TaskTests.swift; sourceTree = "<group>"; };
		ABEFBD242AD82B3900AEBD88 /* Premier-League-Match-Grinta-iOS-TaskUITests.xctest */ = {isa = PBXFileReference; explicitFileType = wrapper.cfbundle; includeInIndex = 0; path = "Premier-League-Match-Grinta-iOS-TaskUITests.xctest"; sourceTree = BUILT_PRODUCTS_DIR; };
		ABEFBD282AD82B3900AEBD88 /* Premier_League_Match_Grinta_iOS_TaskUITests.swift */ = {isa = PBXFileReference; lastKnownFileType = sourcecode.swift; path = Premier_League_Match_Grinta_iOS_TaskUITests.swift; sourceTree = "<group>"; };
		ABEFBD2A2AD82B3900AEBD88 /* Premier_League_Match_Grinta_iOS_TaskUITestsLaunchTests.swift */ = {isa = PBXFileReference; lastKnownFileType = sourcecode.swift; path = Premier_League_Match_Grinta_iOS_TaskUITestsLaunchTests.swift; sourceTree = "<group>"; };
		ABEFBD522AD82C0D00AEBD88 /* Matches.swift */ = {isa = PBXFileReference; lastKnownFileType = sourcecode.swift; path = Matches.swift; sourceTree = "<group>"; };
		ABEFBD552AD82C6F00AEBD88 /* APIManager.swift */ = {isa = PBXFileReference; lastKnownFileType = sourcecode.swift; path = APIManager.swift; sourceTree = "<group>"; };
		ABEFBD582AD82C9200AEBD88 /* Constants.swift */ = {isa = PBXFileReference; lastKnownFileType = sourcecode.swift; path = Constants.swift; sourceTree = "<group>"; };
		ABEFBD5A2AD82D4500AEBD88 /* SecurityConstants.swift */ = {isa = PBXFileReference; lastKnownFileType = sourcecode.swift; path = SecurityConstants.swift; sourceTree = "<group>"; };
		ABEFBD5D2AD8301E00AEBD88 /* MatchTableViewCell.swift */ = {isa = PBXFileReference; lastKnownFileType = sourcecode.swift; path = MatchTableViewCell.swift; sourceTree = "<group>"; };
		ABEFBD5E2AD8301E00AEBD88 /* MatchTableViewCell.xib */ = {isa = PBXFileReference; lastKnownFileType = file.xib; path = MatchTableViewCell.xib; sourceTree = "<group>"; };
		ABEFBD612AD8328C00AEBD88 /* Poppins-SemiBold.ttf */ = {isa = PBXFileReference; lastKnownFileType = file; path = "Poppins-SemiBold.ttf"; sourceTree = "<group>"; };
		ABEFBD642AD835B200AEBD88 /* RadioButton.swift */ = {isa = PBXFileReference; lastKnownFileType = sourcecode.swift; path = RadioButton.swift; sourceTree = "<group>"; };
/* End PBXFileReference section */

/* Begin PBXFrameworksBuildPhase section */
		ABEFBD012AD82B3800AEBD88 /* Frameworks */ = {
			isa = PBXFrameworksBuildPhase;
			buildActionMask = 2147483647;
			files = (
				ABEFBD4A2AD82BA600AEBD88 /* RxSwift in Frameworks */,
				ABEFBD482AD82BA100AEBD88 /* RxRelay in Frameworks */,
				ABEFBD422AD82B8700AEBD88 /* SDWebImageSwiftUI in Frameworks */,
				ABEFBD3C2AD82B7800AEBD88 /* OptionallyDecodable in Frameworks */,
				ABEFBD462AD82B9E00AEBD88 /* RxCocoa in Frameworks */,
				ABEFBD3F2AD82B7F00AEBD88 /* Alamofire in Frameworks */,
				ABC621592AD8590B00ABD918 /* RxDataSources in Frameworks */,
				ABEFBD4C2AD82BAB00AEBD88 /* RxBlocking in Frameworks */,
				ABC6215F2AD87C0700ABD918 /* RealmSwift in Frameworks */,
				ABC621562AD846CC00ABD918 /* SDWebImageSVGCoder in Frameworks */,
			);
			runOnlyForDeploymentPostprocessing = 0;
		};
		ABEFBD172AD82B3900AEBD88 /* Frameworks */ = {
			isa = PBXFrameworksBuildPhase;
			buildActionMask = 2147483647;
			files = (
				ABC6217B2AD99E7800ABD918 /* SDWebImageSwiftUI in Frameworks */,
				ABC621852AD9A42B00ABD918 /* RxBlocking in Frameworks */,
				ABC621872AD9A43200ABD918 /* RxCocoa in Frameworks */,
				ABC621792AD99E7400ABD918 /* OptionallyDecodable in Frameworks */,
				ABC6217D2AD99E7E00ABD918 /* RealmSwift in Frameworks */,
				ABC621752AD99E5100ABD918 /* Alamofire in Frameworks */,
				ABC621732AD99E1D00ABD918 /* RxSwift in Frameworks */,
				ABC6217F2AD99E8500ABD918 /* RxDataSources in Frameworks */,
				ABC621772AD99E6E00ABD918 /* RxRelay in Frameworks */,
				ABEFBD4E2AD82BB100AEBD88 /* RxTest-Dynamic in Frameworks */,
			);
			runOnlyForDeploymentPostprocessing = 0;
		};
		ABEFBD212AD82B3900AEBD88 /* Frameworks */ = {
			isa = PBXFrameworksBuildPhase;
			buildActionMask = 2147483647;
			files = (
			);
			runOnlyForDeploymentPostprocessing = 0;
		};
/* End PBXFrameworksBuildPhase section */

/* Begin PBXGroup section */
		ABC6215A2AD8798600ABD918 /* DataManager */ = {
			isa = PBXGroup;
			children = (
				ABC6215B2AD879A700ABD918 /* FavouritesManager.swift */,
			);
			path = DataManager;
			sourceTree = "<group>";
		};
		ABC6216D2AD98F9800ABD918 /* Extenstions */ = {
			isa = PBXGroup;
			children = (
				ABC6216E2AD98FB300ABD918 /* UIViewController + Extenstion.swift */,
			);
			path = Extenstions;
			sourceTree = "<group>";
		};
		ABEFBCFB2AD82B3800AEBD88 = {
			isa = PBXGroup;
			children = (
				ABEFBD062AD82B3800AEBD88 /* Premier-League-Match-Grinta-iOS-Task */,
				ABEFBD1D2AD82B3900AEBD88 /* Premier-League-Match-Grinta-iOS-TaskTests */,
				ABEFBD272AD82B3900AEBD88 /* Premier-League-Match-Grinta-iOS-TaskUITests */,
				ABEFBD052AD82B3800AEBD88 /* Products */,
				ABEFBD442AD82B9E00AEBD88 /* Frameworks */,
			);
			sourceTree = "<group>";
		};
		ABEFBD052AD82B3800AEBD88 /* Products */ = {
			isa = PBXGroup;
			children = (
				ABEFBD042AD82B3800AEBD88 /* Premier-League-Match-Grinta-iOS-Task.app */,
				ABEFBD1A2AD82B3900AEBD88 /* Premier-League-Match-Grinta-iOS-TaskTests.xctest */,
				ABEFBD242AD82B3900AEBD88 /* Premier-League-Match-Grinta-iOS-TaskUITests.xctest */,
			);
			name = Products;
			sourceTree = "<group>";
		};
		ABEFBD062AD82B3800AEBD88 /* Premier-League-Match-Grinta-iOS-Task */ = {
			isa = PBXGroup;
			children = (
				ABEFBD072AD82B3800AEBD88 /* AppDelegate.swift */,
				ABEFBD092AD82B3800AEBD88 /* SceneDelegate.swift */,
				ABEFBD372AD82B4900AEBD88 /* Model */,
				ABEFBD382AD82B4E00AEBD88 /* ViewModel */,
				ABEFBD392AD82B5200AEBD88 /* View */,
				ABEFBD542AD82C5C00AEBD88 /* Networking */,
				ABC6215A2AD8798600ABD918 /* DataManager */,
				ABEFBD572AD82C8100AEBD88 /* Resources */,
				ABC6216D2AD98F9800ABD918 /* Extenstions */,
				ABEFBD102AD82B3900AEBD88 /* Assets.xcassets */,
				ABEFBD122AD82B3900AEBD88 /* LaunchScreen.storyboard */,
				ABEFBD152AD82B3900AEBD88 /* Info.plist */,
			);
			path = "Premier-League-Match-Grinta-iOS-Task";
			sourceTree = "<group>";
		};
		ABEFBD1D2AD82B3900AEBD88 /* Premier-League-Match-Grinta-iOS-TaskTests */ = {
			isa = PBXGroup;
			children = (
				ABEFBD1E2AD82B3900AEBD88 /* Premier_League_Match_Grinta_iOS_TaskTests.swift */,
				ABC621822AD99EE000ABD918 /* MatchViewModelTest.swift */,
				ABC621702AD99D8D00ABD918 /* APIManagerMock.swift */,
			);
			path = "Premier-League-Match-Grinta-iOS-TaskTests";
			sourceTree = "<group>";
		};
		ABEFBD272AD82B3900AEBD88 /* Premier-League-Match-Grinta-iOS-TaskUITests */ = {
			isa = PBXGroup;
			children = (
				ABEFBD282AD82B3900AEBD88 /* Premier_League_Match_Grinta_iOS_TaskUITests.swift */,
				ABEFBD2A2AD82B3900AEBD88 /* Premier_League_Match_Grinta_iOS_TaskUITestsLaunchTests.swift */,
			);
			path = "Premier-League-Match-Grinta-iOS-TaskUITests";
			sourceTree = "<group>";
		};
		ABEFBD372AD82B4900AEBD88 /* Model */ = {
			isa = PBXGroup;
			children = (
				ABEFBD512AD82C0200AEBD88 /* Parser */,
				ABC621602AD87F9B00ABD918 /* favouriteMatch.swift */,
			);
			path = Model;
			sourceTree = "<group>";
		};
		ABEFBD382AD82B4E00AEBD88 /* ViewModel */ = {
			isa = PBXGroup;
			children = (
				ABC621522AD83CE500ABD918 /* MatchViewModel.swift */,
			);
			path = ViewModel;
			sourceTree = "<group>";
		};
		ABEFBD392AD82B5200AEBD88 /* View */ = {
			isa = PBXGroup;
			children = (
				ABEFBD0B2AD82B3800AEBD88 /* HomeViewController.swift */,
				ABEFBD0D2AD82B3800AEBD88 /* Main.storyboard */,
				ABEFBD5C2AD8300200AEBD88 /* MatchCell */,
				ABEFBD632AD8359800AEBD88 /* Customs */,
			);
			path = View;
			sourceTree = "<group>";
		};
		ABEFBD442AD82B9E00AEBD88 /* Frameworks */ = {
			isa = PBXGroup;
			children = (
			);
			name = Frameworks;
			sourceTree = "<group>";
		};
		ABEFBD512AD82C0200AEBD88 /* Parser */ = {
			isa = PBXGroup;
			children = (
				ABEFBD522AD82C0D00AEBD88 /* Matches.swift */,
			);
			path = Parser;
			sourceTree = "<group>";
		};
		ABEFBD542AD82C5C00AEBD88 /* Networking */ = {
			isa = PBXGroup;
			children = (
				ABEFBD552AD82C6F00AEBD88 /* APIManager.swift */,
			);
			path = Networking;
			sourceTree = "<group>";
		};
		ABEFBD572AD82C8100AEBD88 /* Resources */ = {
			isa = PBXGroup;
			children = (
				ABEFBD582AD82C9200AEBD88 /* Constants.swift */,
				ABEFBD5A2AD82D4500AEBD88 /* SecurityConstants.swift */,
				ABEFBD612AD8328C00AEBD88 /* Poppins-SemiBold.ttf */,
			);
			path = Resources;
			sourceTree = "<group>";
		};
		ABEFBD5C2AD8300200AEBD88 /* MatchCell */ = {
			isa = PBXGroup;
			children = (
				ABEFBD5D2AD8301E00AEBD88 /* MatchTableViewCell.swift */,
				ABEFBD5E2AD8301E00AEBD88 /* MatchTableViewCell.xib */,
			);
			path = MatchCell;
			sourceTree = "<group>";
		};
		ABEFBD632AD8359800AEBD88 /* Customs */ = {
			isa = PBXGroup;
			children = (
				ABEFBD642AD835B200AEBD88 /* RadioButton.swift */,
			);
			path = Customs;
			sourceTree = "<group>";
		};
/* End PBXGroup section */

/* Begin PBXNativeTarget section */
		ABEFBD032AD82B3800AEBD88 /* Premier-League-Match-Grinta-iOS-Task */ = {
			isa = PBXNativeTarget;
			buildConfigurationList = ABEFBD2E2AD82B3900AEBD88 /* Build configuration list for PBXNativeTarget "Premier-League-Match-Grinta-iOS-Task" */;
			buildPhases = (
				ABEFBD002AD82B3800AEBD88 /* Sources */,
				ABEFBD012AD82B3800AEBD88 /* Frameworks */,
				ABEFBD022AD82B3800AEBD88 /* Resources */,
			);
			buildRules = (
			);
			dependencies = (
			);
			name = "Premier-League-Match-Grinta-iOS-Task";
			packageProductDependencies = (
				ABEFBD3B2AD82B7800AEBD88 /* OptionallyDecodable */,
				ABEFBD3E2AD82B7F00AEBD88 /* Alamofire */,
				ABEFBD412AD82B8700AEBD88 /* SDWebImageSwiftUI */,
				ABEFBD452AD82B9E00AEBD88 /* RxCocoa */,
				ABEFBD472AD82BA100AEBD88 /* RxRelay */,
				ABEFBD492AD82BA600AEBD88 /* RxSwift */,
				ABEFBD4B2AD82BAB00AEBD88 /* RxBlocking */,
				ABC621552AD846CC00ABD918 /* SDWebImageSVGCoder */,
				ABC621582AD8590B00ABD918 /* RxDataSources */,
				ABC6215E2AD87C0700ABD918 /* RealmSwift */,
			);
			productName = "Premier-League-Match-Grinta-iOS-Task";
			productReference = ABEFBD042AD82B3800AEBD88 /* Premier-League-Match-Grinta-iOS-Task.app */;
			productType = "com.apple.product-type.application";
		};
		ABEFBD192AD82B3900AEBD88 /* Premier-League-Match-Grinta-iOS-TaskTests */ = {
			isa = PBXNativeTarget;
			buildConfigurationList = ABEFBD312AD82B3900AEBD88 /* Build configuration list for PBXNativeTarget "Premier-League-Match-Grinta-iOS-TaskTests" */;
			buildPhases = (
				ABEFBD162AD82B3900AEBD88 /* Sources */,
				ABEFBD172AD82B3900AEBD88 /* Frameworks */,
				ABEFBD182AD82B3900AEBD88 /* Resources */,
				ABEFBD502AD82BB200AEBD88 /* Embed Frameworks */,
			);
			buildRules = (
			);
			dependencies = (
				ABEFBD1C2AD82B3900AEBD88 /* PBXTargetDependency */,
			);
			name = "Premier-League-Match-Grinta-iOS-TaskTests";
			packageProductDependencies = (
				ABEFBD4D2AD82BB100AEBD88 /* RxTest-Dynamic */,
				ABC621722AD99E1D00ABD918 /* RxSwift */,
				ABC621742AD99E5100ABD918 /* Alamofire */,
				ABC621762AD99E6E00ABD918 /* RxRelay */,
				ABC621782AD99E7400ABD918 /* OptionallyDecodable */,
				ABC6217A2AD99E7800ABD918 /* SDWebImageSwiftUI */,
				ABC6217C2AD99E7E00ABD918 /* RealmSwift */,
				ABC6217E2AD99E8500ABD918 /* RxDataSources */,
				ABC621842AD9A42B00ABD918 /* RxBlocking */,
				ABC621862AD9A43200ABD918 /* RxCocoa */,
			);
			productName = "Premier-League-Match-Grinta-iOS-TaskTests";
			productReference = ABEFBD1A2AD82B3900AEBD88 /* Premier-League-Match-Grinta-iOS-TaskTests.xctest */;
			productType = "com.apple.product-type.bundle.unit-test";
		};
		ABEFBD232AD82B3900AEBD88 /* Premier-League-Match-Grinta-iOS-TaskUITests */ = {
			isa = PBXNativeTarget;
			buildConfigurationList = ABEFBD342AD82B3900AEBD88 /* Build configuration list for PBXNativeTarget "Premier-League-Match-Grinta-iOS-TaskUITests" */;
			buildPhases = (
				ABEFBD202AD82B3900AEBD88 /* Sources */,
				ABEFBD212AD82B3900AEBD88 /* Frameworks */,
				ABEFBD222AD82B3900AEBD88 /* Resources */,
			);
			buildRules = (
			);
			dependencies = (
				ABEFBD262AD82B3900AEBD88 /* PBXTargetDependency */,
			);
			name = "Premier-League-Match-Grinta-iOS-TaskUITests";
			productName = "Premier-League-Match-Grinta-iOS-TaskUITests";
			productReference = ABEFBD242AD82B3900AEBD88 /* Premier-League-Match-Grinta-iOS-TaskUITests.xctest */;
			productType = "com.apple.product-type.bundle.ui-testing";
		};
/* End PBXNativeTarget section */

/* Begin PBXProject section */
		ABEFBCFC2AD82B3800AEBD88 /* Project object */ = {
			isa = PBXProject;
			attributes = {
				BuildIndependentTargetsInParallel = 1;
				LastSwiftUpdateCheck = 1500;
				LastUpgradeCheck = 1500;
				TargetAttributes = {
					ABEFBD032AD82B3800AEBD88 = {
						CreatedOnToolsVersion = 15.0;
					};
					ABEFBD192AD82B3900AEBD88 = {
						CreatedOnToolsVersion = 15.0;
						TestTargetID = ABEFBD032AD82B3800AEBD88;
					};
					ABEFBD232AD82B3900AEBD88 = {
						CreatedOnToolsVersion = 15.0;
						TestTargetID = ABEFBD032AD82B3800AEBD88;
					};
				};
			};
			buildConfigurationList = ABEFBCFF2AD82B3800AEBD88 /* Build configuration list for PBXProject "Premier-League-Match-Grinta-iOS-Task" */;
			compatibilityVersion = "Xcode 14.0";
			developmentRegion = en;
			hasScannedForEncodings = 0;
			knownRegions = (
				en,
				Base,
			);
			mainGroup = ABEFBCFB2AD82B3800AEBD88;
			packageReferences = (
				ABEFBD3A2AD82B7800AEBD88 /* XCRemoteSwiftPackageReference "OptionallyDecodable" */,
				ABEFBD3D2AD82B7F00AEBD88 /* XCRemoteSwiftPackageReference "Alamofire" */,
				ABEFBD402AD82B8700AEBD88 /* XCRemoteSwiftPackageReference "SDWebImageSwiftUI" */,
				ABEFBD432AD82B9300AEBD88 /* XCRemoteSwiftPackageReference "RxSwift" */,
				ABC621542AD846CC00ABD918 /* XCRemoteSwiftPackageReference "SDWebImageSVGCoder" */,
				ABC621572AD858F900ABD918 /* XCRemoteSwiftPackageReference "RxDataSources" */,
				ABC6215D2AD879F700ABD918 /* XCRemoteSwiftPackageReference "realm-swift" */,
			);
			productRefGroup = ABEFBD052AD82B3800AEBD88 /* Products */;
			projectDirPath = "";
			projectRoot = "";
			targets = (
				ABEFBD032AD82B3800AEBD88 /* Premier-League-Match-Grinta-iOS-Task */,
				ABEFBD192AD82B3900AEBD88 /* Premier-League-Match-Grinta-iOS-TaskTests */,
				ABEFBD232AD82B3900AEBD88 /* Premier-League-Match-Grinta-iOS-TaskUITests */,
			);
		};
/* End PBXProject section */

/* Begin PBXResourcesBuildPhase section */
		ABEFBD022AD82B3800AEBD88 /* Resources */ = {
			isa = PBXResourcesBuildPhase;
			buildActionMask = 2147483647;
			files = (
				ABEFBD622AD8328C00AEBD88 /* Poppins-SemiBold.ttf in Resources */,
				ABEFBD142AD82B3900AEBD88 /* LaunchScreen.storyboard in Resources */,
				ABEFBD112AD82B3900AEBD88 /* Assets.xcassets in Resources */,
				ABEFBD0F2AD82B3800AEBD88 /* Main.storyboard in Resources */,
				ABEFBD602AD8301E00AEBD88 /* MatchTableViewCell.xib in Resources */,
			);
			runOnlyForDeploymentPostprocessing = 0;
		};
		ABEFBD182AD82B3900AEBD88 /* Resources */ = {
			isa = PBXResourcesBuildPhase;
			buildActionMask = 2147483647;
			files = (
			);
			runOnlyForDeploymentPostprocessing = 0;
		};
		ABEFBD222AD82B3900AEBD88 /* Resources */ = {
			isa = PBXResourcesBuildPhase;
			buildActionMask = 2147483647;
			files = (
			);
			runOnlyForDeploymentPostprocessing = 0;
		};
/* End PBXResourcesBuildPhase section */

/* Begin PBXSourcesBuildPhase section */
		ABEFBD002AD82B3800AEBD88 /* Sources */ = {
			isa = PBXSourcesBuildPhase;
			buildActionMask = 2147483647;
			files = (
				ABEFBD652AD835B200AEBD88 /* RadioButton.swift in Sources */,
				ABC621612AD87F9B00ABD918 /* favouriteMatch.swift in Sources */,
				ABC6215C2AD879A700ABD918 /* FavouritesManager.swift in Sources */,
				ABEFBD0C2AD82B3800AEBD88 /* HomeViewController.swift in Sources */,
				ABC621532AD83CE500ABD918 /* MatchViewModel.swift in Sources */,
				ABEFBD532AD82C0D00AEBD88 /* Matches.swift in Sources */,
				ABEFBD562AD82C6F00AEBD88 /* APIManager.swift in Sources */,
				ABEFBD5F2AD8301E00AEBD88 /* MatchTableViewCell.swift in Sources */,
				ABEFBD082AD82B3800AEBD88 /* AppDelegate.swift in Sources */,
				ABC6216F2AD98FB300ABD918 /* UIViewController + Extenstion.swift in Sources */,
				ABEFBD0A2AD82B3800AEBD88 /* SceneDelegate.swift in Sources */,
				ABEFBD592AD82C9200AEBD88 /* Constants.swift in Sources */,
				ABEFBD5B2AD82D4500AEBD88 /* SecurityConstants.swift in Sources */,
			);
			runOnlyForDeploymentPostprocessing = 0;
		};
		ABEFBD162AD82B3900AEBD88 /* Sources */ = {
			isa = PBXSourcesBuildPhase;
			buildActionMask = 2147483647;
			files = (
				ABC621712AD99D8E00ABD918 /* APIManagerMock.swift in Sources */,
				ABC621832AD99EE000ABD918 /* MatchViewModelTest.swift in Sources */,
				ABEFBD1F2AD82B3900AEBD88 /* Premier_League_Match_Grinta_iOS_TaskTests.swift in Sources */,
			);
			runOnlyForDeploymentPostprocessing = 0;
		};
		ABEFBD202AD82B3900AEBD88 /* Sources */ = {
			isa = PBXSourcesBuildPhase;
			buildActionMask = 2147483647;
			files = (
				ABEFBD2B2AD82B3900AEBD88 /* Premier_League_Match_Grinta_iOS_TaskUITestsLaunchTests.swift in Sources */,
				ABEFBD292AD82B3900AEBD88 /* Premier_League_Match_Grinta_iOS_TaskUITests.swift in Sources */,
			);
			runOnlyForDeploymentPostprocessing = 0;
		};
/* End PBXSourcesBuildPhase section */

/* Begin PBXTargetDependency section */
		ABEFBD1C2AD82B3900AEBD88 /* PBXTargetDependency */ = {
			isa = PBXTargetDependency;
			target = ABEFBD032AD82B3800AEBD88 /* Premier-League-Match-Grinta-iOS-Task */;
			targetProxy = ABEFBD1B2AD82B3900AEBD88 /* PBXContainerItemProxy */;
		};
		ABEFBD262AD82B3900AEBD88 /* PBXTargetDependency */ = {
			isa = PBXTargetDependency;
			target = ABEFBD032AD82B3800AEBD88 /* Premier-League-Match-Grinta-iOS-Task */;
			targetProxy = ABEFBD252AD82B3900AEBD88 /* PBXContainerItemProxy */;
		};
/* End PBXTargetDependency section */

/* Begin PBXVariantGroup section */
		ABEFBD0D2AD82B3800AEBD88 /* Main.storyboard */ = {
			isa = PBXVariantGroup;
			children = (
				ABEFBD0E2AD82B3800AEBD88 /* Base */,
			);
			name = Main.storyboard;
			sourceTree = "<group>";
		};
		ABEFBD122AD82B3900AEBD88 /* LaunchScreen.storyboard */ = {
			isa = PBXVariantGroup;
			children = (
				ABEFBD132AD82B3900AEBD88 /* Base */,
			);
			name = LaunchScreen.storyboard;
			sourceTree = "<group>";
		};
/* End PBXVariantGroup section */

/* Begin XCBuildConfiguration section */
		ABEFBD2C2AD82B3900AEBD88 /* Debug */ = {
			isa = XCBuildConfiguration;
			buildSettings = {
				ALWAYS_SEARCH_USER_PATHS = NO;
				ASSETCATALOG_COMPILER_GENERATE_SWIFT_ASSET_SYMBOL_EXTENSIONS = YES;
				CLANG_ANALYZER_NONNULL = YES;
				CLANG_ANALYZER_NUMBER_OBJECT_CONVERSION = YES_AGGRESSIVE;
				CLANG_CXX_LANGUAGE_STANDARD = "gnu++20";
				CLANG_ENABLE_MODULES = YES;
				CLANG_ENABLE_OBJC_ARC = YES;
				CLANG_ENABLE_OBJC_WEAK = YES;
				CLANG_WARN_BLOCK_CAPTURE_AUTORELEASING = YES;
				CLANG_WARN_BOOL_CONVERSION = YES;
				CLANG_WARN_COMMA = YES;
				CLANG_WARN_CONSTANT_CONVERSION = YES;
				CLANG_WARN_DEPRECATED_OBJC_IMPLEMENTATIONS = YES;
				CLANG_WARN_DIRECT_OBJC_ISA_USAGE = YES_ERROR;
				CLANG_WARN_DOCUMENTATION_COMMENTS = YES;
				CLANG_WARN_EMPTY_BODY = YES;
				CLANG_WARN_ENUM_CONVERSION = YES;
				CLANG_WARN_INFINITE_RECURSION = YES;
				CLANG_WARN_INT_CONVERSION = YES;
				CLANG_WARN_NON_LITERAL_NULL_CONVERSION = YES;
				CLANG_WARN_OBJC_IMPLICIT_RETAIN_SELF = YES;
				CLANG_WARN_OBJC_LITERAL_CONVERSION = YES;
				CLANG_WARN_OBJC_ROOT_CLASS = YES_ERROR;
				CLANG_WARN_QUOTED_INCLUDE_IN_FRAMEWORK_HEADER = YES;
				CLANG_WARN_RANGE_LOOP_ANALYSIS = YES;
				CLANG_WARN_STRICT_PROTOTYPES = YES;
				CLANG_WARN_SUSPICIOUS_MOVE = YES;
				CLANG_WARN_UNGUARDED_AVAILABILITY = YES_AGGRESSIVE;
				CLANG_WARN_UNREACHABLE_CODE = YES;
				CLANG_WARN__DUPLICATE_METHOD_MATCH = YES;
				COPY_PHASE_STRIP = NO;
				DEBUG_INFORMATION_FORMAT = dwarf;
				ENABLE_STRICT_OBJC_MSGSEND = YES;
				ENABLE_TESTABILITY = YES;
				ENABLE_USER_SCRIPT_SANDBOXING = YES;
				GCC_C_LANGUAGE_STANDARD = gnu17;
				GCC_DYNAMIC_NO_PIC = NO;
				GCC_NO_COMMON_BLOCKS = YES;
				GCC_OPTIMIZATION_LEVEL = 0;
				GCC_PREPROCESSOR_DEFINITIONS = (
					"DEBUG=1",
					"$(inherited)",
				);
				GCC_WARN_64_TO_32_BIT_CONVERSION = YES;
				GCC_WARN_ABOUT_RETURN_TYPE = YES_ERROR;
				GCC_WARN_UNDECLARED_SELECTOR = YES;
				GCC_WARN_UNINITIALIZED_AUTOS = YES_AGGRESSIVE;
				GCC_WARN_UNUSED_FUNCTION = YES;
				GCC_WARN_UNUSED_VARIABLE = YES;
				IPHONEOS_DEPLOYMENT_TARGET = 17.0;
				LOCALIZATION_PREFERS_STRING_CATALOGS = YES;
				MTL_ENABLE_DEBUG_INFO = INCLUDE_SOURCE;
				MTL_FAST_MATH = YES;
				ONLY_ACTIVE_ARCH = YES;
				SDKROOT = iphoneos;
				SWIFT_ACTIVE_COMPILATION_CONDITIONS = "DEBUG $(inherited)";
				SWIFT_OPTIMIZATION_LEVEL = "-Onone";
			};
			name = Debug;
		};
		ABEFBD2D2AD82B3900AEBD88 /* Release */ = {
			isa = XCBuildConfiguration;
			buildSettings = {
				ALWAYS_SEARCH_USER_PATHS = NO;
				ASSETCATALOG_COMPILER_GENERATE_SWIFT_ASSET_SYMBOL_EXTENSIONS = YES;
				CLANG_ANALYZER_NONNULL = YES;
				CLANG_ANALYZER_NUMBER_OBJECT_CONVERSION = YES_AGGRESSIVE;
				CLANG_CXX_LANGUAGE_STANDARD = "gnu++20";
				CLANG_ENABLE_MODULES = YES;
				CLANG_ENABLE_OBJC_ARC = YES;
				CLANG_ENABLE_OBJC_WEAK = YES;
				CLANG_WARN_BLOCK_CAPTURE_AUTORELEASING = YES;
				CLANG_WARN_BOOL_CONVERSION = YES;
				CLANG_WARN_COMMA = YES;
				CLANG_WARN_CONSTANT_CONVERSION = YES;
				CLANG_WARN_DEPRECATED_OBJC_IMPLEMENTATIONS = YES;
				CLANG_WARN_DIRECT_OBJC_ISA_USAGE = YES_ERROR;
				CLANG_WARN_DOCUMENTATION_COMMENTS = YES;
				CLANG_WARN_EMPTY_BODY = YES;
				CLANG_WARN_ENUM_CONVERSION = YES;
				CLANG_WARN_INFINITE_RECURSION = YES;
				CLANG_WARN_INT_CONVERSION = YES;
				CLANG_WARN_NON_LITERAL_NULL_CONVERSION = YES;
				CLANG_WARN_OBJC_IMPLICIT_RETAIN_SELF = YES;
				CLANG_WARN_OBJC_LITERAL_CONVERSION = YES;
				CLANG_WARN_OBJC_ROOT_CLASS = YES_ERROR;
				CLANG_WARN_QUOTED_INCLUDE_IN_FRAMEWORK_HEADER = YES;
				CLANG_WARN_RANGE_LOOP_ANALYSIS = YES;
				CLANG_WARN_STRICT_PROTOTYPES = YES;
				CLANG_WARN_SUSPICIOUS_MOVE = YES;
				CLANG_WARN_UNGUARDED_AVAILABILITY = YES_AGGRESSIVE;
				CLANG_WARN_UNREACHABLE_CODE = YES;
				CLANG_WARN__DUPLICATE_METHOD_MATCH = YES;
				COPY_PHASE_STRIP = NO;
				DEBUG_INFORMATION_FORMAT = "dwarf-with-dsym";
				ENABLE_NS_ASSERTIONS = NO;
				ENABLE_STRICT_OBJC_MSGSEND = YES;
				ENABLE_USER_SCRIPT_SANDBOXING = YES;
				GCC_C_LANGUAGE_STANDARD = gnu17;
				GCC_NO_COMMON_BLOCKS = YES;
				GCC_WARN_64_TO_32_BIT_CONVERSION = YES;
				GCC_WARN_ABOUT_RETURN_TYPE = YES_ERROR;
				GCC_WARN_UNDECLARED_SELECTOR = YES;
				GCC_WARN_UNINITIALIZED_AUTOS = YES_AGGRESSIVE;
				GCC_WARN_UNUSED_FUNCTION = YES;
				GCC_WARN_UNUSED_VARIABLE = YES;
				IPHONEOS_DEPLOYMENT_TARGET = 17.0;
				LOCALIZATION_PREFERS_STRING_CATALOGS = YES;
				MTL_ENABLE_DEBUG_INFO = NO;
				MTL_FAST_MATH = YES;
				SDKROOT = iphoneos;
				SWIFT_COMPILATION_MODE = wholemodule;
				VALIDATE_PRODUCT = YES;
			};
			name = Release;
		};
		ABEFBD2F2AD82B3900AEBD88 /* Debug */ = {
			isa = XCBuildConfiguration;
			buildSettings = {
				ASSETCATALOG_COMPILER_APPICON_NAME = AppIcon;
				ASSETCATALOG_COMPILER_GLOBAL_ACCENT_COLOR_NAME = AccentColor;
				CODE_SIGN_STYLE = Automatic;
				CURRENT_PROJECT_VERSION = 1;
				DEVELOPMENT_TEAM = 3Q8FDFK3WX;
				GENERATE_INFOPLIST_FILE = YES;
				INFOPLIST_FILE = "Premier-League-Match-Grinta-iOS-Task/Info.plist";
				INFOPLIST_KEY_UIApplicationSupportsIndirectInputEvents = YES;
				INFOPLIST_KEY_UILaunchStoryboardName = LaunchScreen;
				INFOPLIST_KEY_UIMainStoryboardFile = Main;
				INFOPLIST_KEY_UISupportedInterfaceOrientations_iPad = "UIInterfaceOrientationPortrait UIInterfaceOrientationPortraitUpsideDown UIInterfaceOrientationLandscapeLeft UIInterfaceOrientationLandscapeRight";
				INFOPLIST_KEY_UISupportedInterfaceOrientations_iPhone = "UIInterfaceOrientationPortrait UIInterfaceOrientationLandscapeLeft UIInterfaceOrientationLandscapeRight";
				LD_RUNPATH_SEARCH_PATHS = (
					"$(inherited)",
					"@executable_path/Frameworks",
				);
				MARKETING_VERSION = 1.0;
				PRODUCT_BUNDLE_IDENTIFIER = "com.salah.12488.Premier-League-Match-Grinta-iOS-Task";
				PRODUCT_NAME = "$(TARGET_NAME)";
				SWIFT_EMIT_LOC_STRINGS = YES;
				SWIFT_VERSION = 5.0;
				TARGETED_DEVICE_FAMILY = "1,2";
			};
			name = Debug;
		};
		ABEFBD302AD82B3900AEBD88 /* Release */ = {
			isa = XCBuildConfiguration;
			buildSettings = {
				ASSETCATALOG_COMPILER_APPICON_NAME = AppIcon;
				ASSETCATALOG_COMPILER_GLOBAL_ACCENT_COLOR_NAME = AccentColor;
				CODE_SIGN_STYLE = Automatic;
				CURRENT_PROJECT_VERSION = 1;
				DEVELOPMENT_TEAM = 3Q8FDFK3WX;
				GENERATE_INFOPLIST_FILE = YES;
				INFOPLIST_FILE = "Premier-League-Match-Grinta-iOS-Task/Info.plist";
				INFOPLIST_KEY_UIApplicationSupportsIndirectInputEvents = YES;
				INFOPLIST_KEY_UILaunchStoryboardName = LaunchScreen;
				INFOPLIST_KEY_UIMainStoryboardFile = Main;
				INFOPLIST_KEY_UISupportedInterfaceOrientations_iPad = "UIInterfaceOrientationPortrait UIInterfaceOrientationPortraitUpsideDown UIInterfaceOrientationLandscapeLeft UIInterfaceOrientationLandscapeRight";
				INFOPLIST_KEY_UISupportedInterfaceOrientations_iPhone = "UIInterfaceOrientationPortrait UIInterfaceOrientationLandscapeLeft UIInterfaceOrientationLandscapeRight";
				LD_RUNPATH_SEARCH_PATHS = (
					"$(inherited)",
					"@executable_path/Frameworks",
				);
				MARKETING_VERSION = 1.0;
				PRODUCT_BUNDLE_IDENTIFIER = "com.salah.12488.Premier-League-Match-Grinta-iOS-Task";
				PRODUCT_NAME = "$(TARGET_NAME)";
				SWIFT_EMIT_LOC_STRINGS = YES;
				SWIFT_VERSION = 5.0;
				TARGETED_DEVICE_FAMILY = "1,2";
			};
			name = Release;
		};
		ABEFBD322AD82B3900AEBD88 /* Debug */ = {
			isa = XCBuildConfiguration;
			buildSettings = {
				ALWAYS_EMBED_SWIFT_STANDARD_LIBRARIES = YES;
				BUNDLE_LOADER = "$(TEST_HOST)";
				CODE_SIGN_STYLE = Automatic;
				CURRENT_PROJECT_VERSION = 1;
				DEVELOPMENT_TEAM = 3Q8FDFK3WX;
				GENERATE_INFOPLIST_FILE = YES;
				IPHONEOS_DEPLOYMENT_TARGET = 17.0;
				MARKETING_VERSION = 1.0;
				PRODUCT_BUNDLE_IDENTIFIER = "com.salah.12488.Premier-League-Match-Grinta-iOS-TaskTests";
				PRODUCT_NAME = "$(TARGET_NAME)";
				SWIFT_EMIT_LOC_STRINGS = NO;
				SWIFT_VERSION = 5.0;
				TARGETED_DEVICE_FAMILY = "1,2";
				TEST_HOST = "$(BUILT_PRODUCTS_DIR)/Premier-League-Match-Grinta-iOS-Task.app/$(BUNDLE_EXECUTABLE_FOLDER_PATH)/Premier-League-Match-Grinta-iOS-Task";
			};
			name = Debug;
		};
		ABEFBD332AD82B3900AEBD88 /* Release */ = {
			isa = XCBuildConfiguration;
			buildSettings = {
				ALWAYS_EMBED_SWIFT_STANDARD_LIBRARIES = YES;
				BUNDLE_LOADER = "$(TEST_HOST)";
				CODE_SIGN_STYLE = Automatic;
				CURRENT_PROJECT_VERSION = 1;
				DEVELOPMENT_TEAM = 3Q8FDFK3WX;
				GENERATE_INFOPLIST_FILE = YES;
				IPHONEOS_DEPLOYMENT_TARGET = 17.0;
				MARKETING_VERSION = 1.0;
				PRODUCT_BUNDLE_IDENTIFIER = "com.salah.12488.Premier-League-Match-Grinta-iOS-TaskTests";
				PRODUCT_NAME = "$(TARGET_NAME)";
				SWIFT_EMIT_LOC_STRINGS = NO;
				SWIFT_VERSION = 5.0;
				TARGETED_DEVICE_FAMILY = "1,2";
				TEST_HOST = "$(BUILT_PRODUCTS_DIR)/Premier-League-Match-Grinta-iOS-Task.app/$(BUNDLE_EXECUTABLE_FOLDER_PATH)/Premier-League-Match-Grinta-iOS-Task";
			};
			name = Release;
		};
		ABEFBD352AD82B3900AEBD88 /* Debug */ = {
			isa = XCBuildConfiguration;
			buildSettings = {
				ALWAYS_EMBED_SWIFT_STANDARD_LIBRARIES = YES;
				CODE_SIGN_STYLE = Automatic;
				CURRENT_PROJECT_VERSION = 1;
				DEVELOPMENT_TEAM = 3Q8FDFK3WX;
				GENERATE_INFOPLIST_FILE = YES;
				MARKETING_VERSION = 1.0;
				PRODUCT_BUNDLE_IDENTIFIER = "com.salah.12488.Premier-League-Match-Grinta-iOS-TaskUITests";
				PRODUCT_NAME = "$(TARGET_NAME)";
				SWIFT_EMIT_LOC_STRINGS = NO;
				SWIFT_VERSION = 5.0;
				TARGETED_DEVICE_FAMILY = "1,2";
				TEST_TARGET_NAME = "Premier-League-Match-Grinta-iOS-Task";
			};
			name = Debug;
		};
		ABEFBD362AD82B3900AEBD88 /* Release */ = {
			isa = XCBuildConfiguration;
			buildSettings = {
				ALWAYS_EMBED_SWIFT_STANDARD_LIBRARIES = YES;
				CODE_SIGN_STYLE = Automatic;
				CURRENT_PROJECT_VERSION = 1;
				DEVELOPMENT_TEAM = 3Q8FDFK3WX;
				GENERATE_INFOPLIST_FILE = YES;
				MARKETING_VERSION = 1.0;
				PRODUCT_BUNDLE_IDENTIFIER = "com.salah.12488.Premier-League-Match-Grinta-iOS-TaskUITests";
				PRODUCT_NAME = "$(TARGET_NAME)";
				SWIFT_EMIT_LOC_STRINGS = NO;
				SWIFT_VERSION = 5.0;
				TARGETED_DEVICE_FAMILY = "1,2";
				TEST_TARGET_NAME = "Premier-League-Match-Grinta-iOS-Task";
			};
			name = Release;
		};
/* End XCBuildConfiguration section */

/* Begin XCConfigurationList section */
		ABEFBCFF2AD82B3800AEBD88 /* Build configuration list for PBXProject "Premier-League-Match-Grinta-iOS-Task" */ = {
			isa = XCConfigurationList;
			buildConfigurations = (
				ABEFBD2C2AD82B3900AEBD88 /* Debug */,
				ABEFBD2D2AD82B3900AEBD88 /* Release */,
			);
			defaultConfigurationIsVisible = 0;
			defaultConfigurationName = Release;
		};
		ABEFBD2E2AD82B3900AEBD88 /* Build configuration list for PBXNativeTarget "Premier-League-Match-Grinta-iOS-Task" */ = {
			isa = XCConfigurationList;
			buildConfigurations = (
				ABEFBD2F2AD82B3900AEBD88 /* Debug */,
				ABEFBD302AD82B3900AEBD88 /* Release */,
			);
			defaultConfigurationIsVisible = 0;
			defaultConfigurationName = Release;
		};
		ABEFBD312AD82B3900AEBD88 /* Build configuration list for PBXNativeTarget "Premier-League-Match-Grinta-iOS-TaskTests" */ = {
			isa = XCConfigurationList;
			buildConfigurations = (
				ABEFBD322AD82B3900AEBD88 /* Debug */,
				ABEFBD332AD82B3900AEBD88 /* Release */,
			);
			defaultConfigurationIsVisible = 0;
			defaultConfigurationName = Release;
		};
		ABEFBD342AD82B3900AEBD88 /* Build configuration list for PBXNativeTarget "Premier-League-Match-Grinta-iOS-TaskUITests" */ = {
			isa = XCConfigurationList;
			buildConfigurations = (
				ABEFBD352AD82B3900AEBD88 /* Debug */,
				ABEFBD362AD82B3900AEBD88 /* Release */,
			);
			defaultConfigurationIsVisible = 0;
			defaultConfigurationName = Release;
		};
/* End XCConfigurationList section */

/* Begin XCRemoteSwiftPackageReference section */
		ABC621542AD846CC00ABD918 /* XCRemoteSwiftPackageReference "SDWebImageSVGCoder" */ = {
			isa = XCRemoteSwiftPackageReference;
			repositoryURL = "https://github.com/SDWebImage/SDWebImageSVGCoder";
			requirement = {
				kind = upToNextMajorVersion;
				minimumVersion = 1.7.0;
			};
		};
		ABC621572AD858F900ABD918 /* XCRemoteSwiftPackageReference "RxDataSources" */ = {
			isa = XCRemoteSwiftPackageReference;
			repositoryURL = "https://github.com/RxSwiftCommunity/RxDataSources";
			requirement = {
				kind = upToNextMajorVersion;
				minimumVersion = 5.0.2;
			};
		};
		ABC6215D2AD879F700ABD918 /* XCRemoteSwiftPackageReference "realm-swift" */ = {
			isa = XCRemoteSwiftPackageReference;
			repositoryURL = "https://github.com/realm/realm-swift";
			requirement = {
				branch = master;
				kind = branch;
			};
		};
		ABEFBD3A2AD82B7800AEBD88 /* XCRemoteSwiftPackageReference "OptionallyDecodable" */ = {
			isa = XCRemoteSwiftPackageReference;
			repositoryURL = "https://github.com/idrougge/OptionallyDecodable";
			requirement = {
				kind = upToNextMajorVersion;
				minimumVersion = 1.2.0;
			};
		};
		ABEFBD3D2AD82B7F00AEBD88 /* XCRemoteSwiftPackageReference "Alamofire" */ = {
			isa = XCRemoteSwiftPackageReference;
			repositoryURL = "https://github.com/Alamofire/Alamofire";
			requirement = {
				kind = upToNextMajorVersion;
				minimumVersion = 5.8.0;
			};
		};
		ABEFBD402AD82B8700AEBD88 /* XCRemoteSwiftPackageReference "SDWebImageSwiftUI" */ = {
			isa = XCRemoteSwiftPackageReference;
			repositoryURL = "https://github.com/SDWebImage/SDWebImageSwiftUI";
			requirement = {
				kind = upToNextMajorVersion;
				minimumVersion = 2.2.3;
			};
		};
		ABEFBD432AD82B9300AEBD88 /* XCRemoteSwiftPackageReference "RxSwift" */ = {
			isa = XCRemoteSwiftPackageReference;
			repositoryURL = "https://github.com/ReactiveX/RxSwift";
			requirement = {
				kind = upToNextMajorVersion;
				minimumVersion = 6.6.0;
			};
		};
/* End XCRemoteSwiftPackageReference section */

/* Begin XCSwiftPackageProductDependency section */
		ABC621552AD846CC00ABD918 /* SDWebImageSVGCoder */ = {
			isa = XCSwiftPackageProductDependency;
			package = ABC621542AD846CC00ABD918 /* XCRemoteSwiftPackageReference "SDWebImageSVGCoder" */;
			productName = SDWebImageSVGCoder;
		};
		ABC621582AD8590B00ABD918 /* RxDataSources */ = {
			isa = XCSwiftPackageProductDependency;
			package = ABC621572AD858F900ABD918 /* XCRemoteSwiftPackageReference "RxDataSources" */;
			productName = RxDataSources;
		};
		ABC6215E2AD87C0700ABD918 /* RealmSwift */ = {
			isa = XCSwiftPackageProductDependency;
			package = ABC6215D2AD879F700ABD918 /* XCRemoteSwiftPackageReference "realm-swift" */;
			productName = RealmSwift;
		};
		ABC621722AD99E1D00ABD918 /* RxSwift */ = {
			isa = XCSwiftPackageProductDependency;
			package = ABEFBD432AD82B9300AEBD88 /* XCRemoteSwiftPackageReference "RxSwift" */;
			productName = RxSwift;
		};
		ABC621742AD99E5100ABD918 /* Alamofire */ = {
			isa = XCSwiftPackageProductDependency;
			package = ABEFBD3D2AD82B7F00AEBD88 /* XCRemoteSwiftPackageReference "Alamofire" */;
			productName = Alamofire;
		};
		ABC621762AD99E6E00ABD918 /* RxRelay */ = {
			isa = XCSwiftPackageProductDependency;
			package = ABEFBD432AD82B9300AEBD88 /* XCRemoteSwiftPackageReference "RxSwift" */;
			productName = RxRelay;
		};
		ABC621782AD99E7400ABD918 /* OptionallyDecodable */ = {
			isa = XCSwiftPackageProductDependency;
			package = ABEFBD3A2AD82B7800AEBD88 /* XCRemoteSwiftPackageReference "OptionallyDecodable" */;
			productName = OptionallyDecodable;
		};
		ABC6217A2AD99E7800ABD918 /* SDWebImageSwiftUI */ = {
			isa = XCSwiftPackageProductDependency;
			package = ABEFBD402AD82B8700AEBD88 /* XCRemoteSwiftPackageReference "SDWebImageSwiftUI" */;
			productName = SDWebImageSwiftUI;
		};
		ABC6217C2AD99E7E00ABD918 /* RealmSwift */ = {
			isa = XCSwiftPackageProductDependency;
			package = ABC6215D2AD879F700ABD918 /* XCRemoteSwiftPackageReference "realm-swift" */;
			productName = RealmSwift;
		};
		ABC6217E2AD99E8500ABD918 /* RxDataSources */ = {
			isa = XCSwiftPackageProductDependency;
			package = ABC621572AD858F900ABD918 /* XCRemoteSwiftPackageReference "RxDataSources" */;
			productName = RxDataSources;
		};
		ABC621842AD9A42B00ABD918 /* RxBlocking */ = {
			isa = XCSwiftPackageProductDependency;
			package = ABEFBD432AD82B9300AEBD88 /* XCRemoteSwiftPackageReference "RxSwift" */;
			productName = RxBlocking;
		};
		ABC621862AD9A43200ABD918 /* RxCocoa */ = {
			isa = XCSwiftPackageProductDependency;
			package = ABEFBD432AD82B9300AEBD88 /* XCRemoteSwiftPackageReference "RxSwift" */;
			productName = RxCocoa;
		};
		ABEFBD3B2AD82B7800AEBD88 /* OptionallyDecodable */ = {
			isa = XCSwiftPackageProductDependency;
			package = ABEFBD3A2AD82B7800AEBD88 /* XCRemoteSwiftPackageReference "OptionallyDecodable" */;
			productName = OptionallyDecodable;
		};
		ABEFBD3E2AD82B7F00AEBD88 /* Alamofire */ = {
			isa = XCSwiftPackageProductDependency;
			package = ABEFBD3D2AD82B7F00AEBD88 /* XCRemoteSwiftPackageReference "Alamofire" */;
			productName = Alamofire;
		};
		ABEFBD412AD82B8700AEBD88 /* SDWebImageSwiftUI */ = {
			isa = XCSwiftPackageProductDependency;
			package = ABEFBD402AD82B8700AEBD88 /* XCRemoteSwiftPackageReference "SDWebImageSwiftUI" */;
			productName = SDWebImageSwiftUI;
		};
		ABEFBD452AD82B9E00AEBD88 /* RxCocoa */ = {
			isa = XCSwiftPackageProductDependency;
			package = ABEFBD432AD82B9300AEBD88 /* XCRemoteSwiftPackageReference "RxSwift" */;
			productName = RxCocoa;
		};
		ABEFBD472AD82BA100AEBD88 /* RxRelay */ = {
			isa = XCSwiftPackageProductDependency;
			package = ABEFBD432AD82B9300AEBD88 /* XCRemoteSwiftPackageReference "RxSwift" */;
			productName = RxRelay;
		};
		ABEFBD492AD82BA600AEBD88 /* RxSwift */ = {
			isa = XCSwiftPackageProductDependency;
			package = ABEFBD432AD82B9300AEBD88 /* XCRemoteSwiftPackageReference "RxSwift" */;
			productName = RxSwift;
		};
		ABEFBD4B2AD82BAB00AEBD88 /* RxBlocking */ = {
			isa = XCSwiftPackageProductDependency;
			package = ABEFBD432AD82B9300AEBD88 /* XCRemoteSwiftPackageReference "RxSwift" */;
			productName = RxBlocking;
		};
		ABEFBD4D2AD82BB100AEBD88 /* RxTest-Dynamic */ = {
			isa = XCSwiftPackageProductDependency;
			package = ABEFBD432AD82B9300AEBD88 /* XCRemoteSwiftPackageReference "RxSwift" */;
			productName = "RxTest-Dynamic";
		};
/* End XCSwiftPackageProductDependency section */
	};
	rootObject = ABEFBCFC2AD82B3800AEBD88 /* Project object */;
}
